// !$*UTF8*$!
{
	archiveVersion = 1;
	classes = {
	};
	objectVersion = 50;
	objects = {

/* Begin PBXBuildFile section */
		371F5D7F26BB6D120072D5A4 /* AppDelegate.swift in Sources */ = {isa = PBXBuildFile; fileRef = 371F5D7E26BB6D120072D5A4 /* AppDelegate.swift */; };
		371F5D8126BB6D120072D5A4 /* SceneDelegate.swift in Sources */ = {isa = PBXBuildFile; fileRef = 371F5D8026BB6D120072D5A4 /* SceneDelegate.swift */; };
		371F5D8326BB6D120072D5A4 /* ViewController.swift in Sources */ = {isa = PBXBuildFile; fileRef = 371F5D8226BB6D120072D5A4 /* ViewController.swift */; };
		371F5D8626BB6D120072D5A4 /* Main.storyboard in Resources */ = {isa = PBXBuildFile; fileRef = 371F5D8426BB6D120072D5A4 /* Main.storyboard */; };
		371F5D8826BB6D140072D5A4 /* Assets.xcassets in Resources */ = {isa = PBXBuildFile; fileRef = 371F5D8726BB6D140072D5A4 /* Assets.xcassets */; };
		371F5D8B26BB6D140072D5A4 /* LaunchScreen.storyboard in Resources */ = {isa = PBXBuildFile; fileRef = 371F5D8926BB6D140072D5A4 /* LaunchScreen.storyboard */; };
		371F5D9626BB6D140072D5A4 /* XylophoneTests.swift in Sources */ = {isa = PBXBuildFile; fileRef = 371F5D9526BB6D140072D5A4 /* XylophoneTests.swift */; };
		371F5DA126BB6D140072D5A4 /* XylophoneUITests.swift in Sources */ = {isa = PBXBuildFile; fileRef = 371F5DA026BB6D140072D5A4 /* XylophoneUITests.swift */; };
/* End PBXBuildFile section */

/* Begin PBXContainerItemProxy section */
		371F5D9226BB6D140072D5A4 /* PBXContainerItemProxy */ = {
			isa = PBXContainerItemProxy;
			containerPortal = 371F5D7326BB6D120072D5A4 /* Project object */;
			proxyType = 1;
			remoteGlobalIDString = 371F5D7A26BB6D120072D5A4;
			remoteInfo = Xylophone;
		};
		371F5D9D26BB6D140072D5A4 /* PBXContainerItemProxy */ = {
			isa = PBXContainerItemProxy;
			containerPortal = 371F5D7326BB6D120072D5A4 /* Project object */;
			proxyType = 1;
			remoteGlobalIDString = 371F5D7A26BB6D120072D5A4;
			remoteInfo = Xylophone;
		};
/* End PBXContainerItemProxy section */

/* Begin PBXFileReference section */
		371F5D7B26BB6D120072D5A4 /* Xylophone.app */ = {isa = PBXFileReference; explicitFileType = wrapper.application; includeInIndex = 0; path = Xylophone.app; sourceTree = BUILT_PRODUCTS_DIR; };
		371F5D7E26BB6D120072D5A4 /* AppDelegate.swift */ = {isa = PBXFileReference; lastKnownFileType = sourcecode.swift; path = AppDelegate.swift; sourceTree = "<group>"; };
		371F5D8026BB6D120072D5A4 /* SceneDelegate.swift */ = {isa = PBXFileReference; lastKnownFileType = sourcecode.swift; path = SceneDelegate.swift; sourceTree = "<group>"; };
		371F5D8226BB6D120072D5A4 /* ViewController.swift */ = {isa = PBXFileReference; lastKnownFileType = sourcecode.swift; path = ViewController.swift; sourceTree = "<group>"; };
		371F5D8526BB6D120072D5A4 /* Base */ = {isa = PBXFileReference; lastKnownFileType = file.storyboard; name = Base; path = Base.lproj/Main.storyboard; sourceTree = "<group>"; };
		371F5D8726BB6D140072D5A4 /* Assets.xcassets */ = {isa = PBXFileReference; lastKnownFileType = folder.assetcatalog; path = Assets.xcassets; sourceTree = "<group>"; };
		371F5D8A26BB6D140072D5A4 /* Base */ = {isa = PBXFileReference; lastKnownFileType = file.storyboard; name = Base; path = Base.lproj/LaunchScreen.storyboard; sourceTree = "<group>"; };
		371F5D8C26BB6D140072D5A4 /* Info.plist */ = {isa = PBXFileReference; lastKnownFileType = text.plist.xml; path = Info.plist; sourceTree = "<group>"; };
		371F5D9126BB6D140072D5A4 /* XylophoneTests.xctest */ = {isa = PBXFileReference; explicitFileType = wrapper.cfbundle; includeInIndex = 0; path = XylophoneTests.xctest; sourceTree = BUILT_PRODUCTS_DIR; };
		371F5D9526BB6D140072D5A4 /* XylophoneTests.swift */ = {isa = PBXFileReference; lastKnownFileType = sourcecode.swift; path = XylophoneTests.swift; sourceTree = "<group>"; };
		371F5D9726BB6D140072D5A4 /* Info.plist */ = {isa = PBXFileReference; lastKnownFileType = text.plist.xml; path = Info.plist; sourceTree = "<group>"; };
		371F5D9C26BB6D140072D5A4 /* XylophoneUITests.xctest */ = {isa = PBXFileReference; explicitFileType = wrapper.cfbundle; includeInIndex = 0; path = XylophoneUITests.xctest; sourceTree = BUILT_PRODUCTS_DIR; };
		371F5DA026BB6D140072D5A4 /* XylophoneUITests.swift */ = {isa = PBXFileReference; lastKnownFileType = sourcecode.swift; path = XylophoneUITests.swift; sourceTree = "<group>"; };
		371F5DA226BB6D140072D5A4 /* Info.plist */ = {isa = PBXFileReference; lastKnownFileType = text.plist.xml; path = Info.plist; sourceTree = "<group>"; };
		371F5DAE26BB6D990072D5A4 /* README.md */ = {isa = PBXFileReference; lastKnownFileType = net.daringfireball.markdown; path = README.md; sourceTree = "<group>"; };
/* End PBXFileReference section */

/* Begin PBXFrameworksBuildPhase section */
		371F5D7826BB6D120072D5A4 /* Frameworks */ = {
			isa = PBXFrameworksBuildPhase;
			buildActionMask = 2147483647;
			files = (
			);
			runOnlyForDeploymentPostprocessing = 0;
		};
		371F5D8E26BB6D140072D5A4 /* Frameworks */ = {
			isa = PBXFrameworksBuildPhase;
			buildActionMask = 2147483647;
			files = (
			);
			runOnlyForDeploymentPostprocessing = 0;
		};
		371F5D9926BB6D140072D5A4 /* Frameworks */ = {
			isa = PBXFrameworksBuildPhase;
			buildActionMask = 2147483647;
			files = (
			);
			runOnlyForDeploymentPostprocessing = 0;
		};
/* End PBXFrameworksBuildPhase section */

/* Begin PBXGroup section */
		371F5D7226BB6D120072D5A4 = {
			isa = PBXGroup;
			children = (
				371F5DAE26BB6D990072D5A4 /* README.md */,
				371F5D7D26BB6D120072D5A4 /* Xylophone */,
				371F5D9426BB6D140072D5A4 /* XylophoneTests */,
				371F5D9F26BB6D140072D5A4 /* XylophoneUITests */,
				371F5D7C26BB6D120072D5A4 /* Products */,
			);
			sourceTree = "<group>";
		};
		371F5D7C26BB6D120072D5A4 /* Products */ = {
			isa = PBXGroup;
			children = (
				371F5D7B26BB6D120072D5A4 /* Xylophone.app */,
				371F5D9126BB6D140072D5A4 /* XylophoneTests.xctest */,
				371F5D9C26BB6D140072D5A4 /* XylophoneUITests.xctest */,
			);
			name = Products;
			sourceTree = "<group>";
		};
		371F5D7D26BB6D120072D5A4 /* Xylophone */ = {
			isa = PBXGroup;
			children = (
				371F5D7E26BB6D120072D5A4 /* AppDelegate.swift */,
				371F5D8026BB6D120072D5A4 /* SceneDelegate.swift */,
				371F5D8226BB6D120072D5A4 /* ViewController.swift */,
				371F5D8426BB6D120072D5A4 /* Main.storyboard */,
				371F5D8726BB6D140072D5A4 /* Assets.xcassets */,
				371F5D8926BB6D140072D5A4 /* LaunchScreen.storyboard */,
				371F5D8C26BB6D140072D5A4 /* Info.plist */,
			);
			path = Xylophone;
			sourceTree = "<group>";
		};
		371F5D9426BB6D140072D5A4 /* XylophoneTests */ = {
			isa = PBXGroup;
			children = (
				371F5D9526BB6D140072D5A4 /* XylophoneTests.swift */,
				371F5D9726BB6D140072D5A4 /* Info.plist */,
			);
			path = XylophoneTests;
			sourceTree = "<group>";
		};
		371F5D9F26BB6D140072D5A4 /* XylophoneUITests */ = {
			isa = PBXGroup;
			children = (
				371F5DA026BB6D140072D5A4 /* XylophoneUITests.swift */,
				371F5DA226BB6D140072D5A4 /* Info.plist */,
			);
			path = XylophoneUITests;
			sourceTree = "<group>";
		};
/* End PBXGroup section */

/* Begin PBXNativeTarget section */
		371F5D7A26BB6D120072D5A4 /* Xylophone */ = {
			isa = PBXNativeTarget;
			buildConfigurationList = 371F5DA526BB6D140072D5A4 /* Build configuration list for PBXNativeTarget "Xylophone" */;
			buildPhases = (
				371F5D7726BB6D120072D5A4 /* Sources */,
				371F5D7826BB6D120072D5A4 /* Frameworks */,
				371F5D7926BB6D120072D5A4 /* Resources */,
			);
			buildRules = (
			);
			dependencies = (
			);
			name = Xylophone;
			productName = Xylophone;
			productReference = 371F5D7B26BB6D120072D5A4 /* Xylophone.app */;
			productType = "com.apple.product-type.application";
		};
		371F5D9026BB6D140072D5A4 /* XylophoneTests */ = {
			isa = PBXNativeTarget;
			buildConfigurationList = 371F5DA826BB6D140072D5A4 /* Build configuration list for PBXNativeTarget "XylophoneTests" */;
			buildPhases = (
				371F5D8D26BB6D140072D5A4 /* Sources */,
				371F5D8E26BB6D140072D5A4 /* Frameworks */,
				371F5D8F26BB6D140072D5A4 /* Resources */,
			);
			buildRules = (
			);
			dependencies = (
				371F5D9326BB6D140072D5A4 /* PBXTargetDependency */,
			);
			name = XylophoneTests;
			productName = XylophoneTests;
			productReference = 371F5D9126BB6D140072D5A4 /* XylophoneTests.xctest */;
			productType = "com.apple.product-type.bundle.unit-test";
		};
		371F5D9B26BB6D140072D5A4 /* XylophoneUITests */ = {
			isa = PBXNativeTarget;
			buildConfigurationList = 371F5DAB26BB6D140072D5A4 /* Build configuration list for PBXNativeTarget "XylophoneUITests" */;
			buildPhases = (
				371F5D9826BB6D140072D5A4 /* Sources */,
				371F5D9926BB6D140072D5A4 /* Frameworks */,
				371F5D9A26BB6D140072D5A4 /* Resources */,
			);
			buildRules = (
			);
			dependencies = (
				371F5D9E26BB6D140072D5A4 /* PBXTargetDependency */,
			);
			name = XylophoneUITests;
			productName = XylophoneUITests;
			productReference = 371F5D9C26BB6D140072D5A4 /* XylophoneUITests.xctest */;
			productType = "com.apple.product-type.bundle.ui-testing";
		};
/* End PBXNativeTarget section */

/* Begin PBXProject section */
		371F5D7326BB6D120072D5A4 /* Project object */ = {
			isa = PBXProject;
			attributes = {
				LastSwiftUpdateCheck = 1250;
				LastUpgradeCheck = 1250;
				TargetAttributes = {
					371F5D7A26BB6D120072D5A4 = {
						CreatedOnToolsVersion = 12.5.1;
					};
					371F5D9026BB6D140072D5A4 = {
						CreatedOnToolsVersion = 12.5.1;
						TestTargetID = 371F5D7A26BB6D120072D5A4;
					};
					371F5D9B26BB6D140072D5A4 = {
						CreatedOnToolsVersion = 12.5.1;
						TestTargetID = 371F5D7A26BB6D120072D5A4;
					};
				};
			};
			buildConfigurationList = 371F5D7626BB6D120072D5A4 /* Build configuration list for PBXProject "Xylophone" */;
			compatibilityVersion = "Xcode 9.3";
			developmentRegion = en;
			hasScannedForEncodings = 0;
			knownRegions = (
				en,
				Base,
			);
			mainGroup = 371F5D7226BB6D120072D5A4;
			productRefGroup = 371F5D7C26BB6D120072D5A4 /* Products */;
			projectDirPath = "";
			projectRoot = "";
			targets = (
				371F5D7A26BB6D120072D5A4 /* Xylophone */,
				371F5D9026BB6D140072D5A4 /* XylophoneTests */,
				371F5D9B26BB6D140072D5A4 /* XylophoneUITests */,
			);
		};
/* End PBXProject section */

/* Begin PBXResourcesBuildPhase section */
		371F5D7926BB6D120072D5A4 /* Resources */ = {
			isa = PBXResourcesBuildPhase;
			buildActionMask = 2147483647;
			files = (
				371F5D8B26BB6D140072D5A4 /* LaunchScreen.storyboard in Resources */,
				371F5D8826BB6D140072D5A4 /* Assets.xcassets in Resources */,
				371F5D8626BB6D120072D5A4 /* Main.storyboard in Resources */,
			);
			runOnlyForDeploymentPostprocessing = 0;
		};
		371F5D8F26BB6D140072D5A4 /* Resources */ = {
			isa = PBXResourcesBuildPhase;
			buildActionMask = 2147483647;
			files = (
			);
			runOnlyForDeploymentPostprocessing = 0;
		};
		371F5D9A26BB6D140072D5A4 /* Resources */ = {
			isa = PBXResourcesBuildPhase;
			buildActionMask = 2147483647;
			files = (
			);
			runOnlyForDeploymentPostprocessing = 0;
		};
/* End PBXResourcesBuildPhase section */

/* Begin PBXSourcesBuildPhase section */
		371F5D7726BB6D120072D5A4 /* Sources */ = {
			isa = PBXSourcesBuildPhase;
			buildActionMask = 2147483647;
			files = (
				371F5D8326BB6D120072D5A4 /* ViewController.swift in Sources */,
				371F5D7F26BB6D120072D5A4 /* AppDelegate.swift in Sources */,
				371F5D8126BB6D120072D5A4 /* SceneDelegate.swift in Sources */,
			);
			runOnlyForDeploymentPostprocessing = 0;
		};
		371F5D8D26BB6D140072D5A4 /* Sources */ = {
			isa = PBXSourcesBuildPhase;
			buildActionMask = 2147483647;
			files = (
				371F5D9626BB6D140072D5A4 /* XylophoneTests.swift in Sources */,
			);
			runOnlyForDeploymentPostprocessing = 0;
		};
		371F5D9826BB6D140072D5A4 /* Sources */ = {
			isa = PBXSourcesBuildPhase;
			buildActionMask = 2147483647;
			files = (
				371F5DA126BB6D140072D5A4 /* XylophoneUITests.swift in Sources */,
			);
			runOnlyForDeploymentPostprocessing = 0;
		};
/* End PBXSourcesBuildPhase section */

/* Begin PBXTargetDependency section */
		371F5D9326BB6D140072D5A4 /* PBXTargetDependency */ = {
			isa = PBXTargetDependency;
			target = 371F5D7A26BB6D120072D5A4 /* Xylophone */;
			targetProxy = 371F5D9226BB6D140072D5A4 /* PBXContainerItemProxy */;
		};
		371F5D9E26BB6D140072D5A4 /* PBXTargetDependency */ = {
			isa = PBXTargetDependency;
			target = 371F5D7A26BB6D120072D5A4 /* Xylophone */;
			targetProxy = 371F5D9D26BB6D140072D5A4 /* PBXContainerItemProxy */;
		};
/* End PBXTargetDependency section */

/* Begin PBXVariantGroup section */
		371F5D8426BB6D120072D5A4 /* Main.storyboard */ = {
			isa = PBXVariantGroup;
			children = (
				371F5D8526BB6D120072D5A4 /* Base */,
			);
			name = Main.storyboard;
			sourceTree = "<group>";
		};
		371F5D8926BB6D140072D5A4 /* LaunchScreen.storyboard */ = {
			isa = PBXVariantGroup;
			children = (
				371F5D8A26BB6D140072D5A4 /* Base */,
			);
			name = LaunchScreen.storyboard;
			sourceTree = "<group>";
		};
/* End PBXVariantGroup section */

/* Begin XCBuildConfiguration section */
		371F5DA326BB6D140072D5A4 /* Debug */ = {
			isa = XCBuildConfiguration;
			buildSettings = {
				ALWAYS_SEARCH_USER_PATHS = NO;
				CLANG_ANALYZER_NONNULL = YES;
				CLANG_ANALYZER_NUMBER_OBJECT_CONVERSION = YES_AGGRESSIVE;
				CLANG_CXX_LANGUAGE_STANDARD = "gnu++14";
				CLANG_CXX_LIBRARY = "libc++";
				CLANG_ENABLE_MODULES = YES;
				CLANG_ENABLE_OBJC_ARC = YES;
				CLANG_ENABLE_OBJC_WEAK = YES;
				CLANG_WARN_BLOCK_CAPTURE_AUTORELEASING = YES;
				CLANG_WARN_BOOL_CONVERSION = YES;
				CLANG_WARN_COMMA = YES;
				CLANG_WARN_CONSTANT_CONVERSION = YES;
				CLANG_WARN_DEPRECATED_OBJC_IMPLEMENTATIONS = YES;
				CLANG_WARN_DIRECT_OBJC_ISA_USAGE = YES_ERROR;
				CLANG_WARN_DOCUMENTATION_COMMENTS = YES;
				CLANG_WARN_EMPTY_BODY = YES;
				CLANG_WARN_ENUM_CONVERSION = YES;
				CLANG_WARN_INFINITE_RECURSION = YES;
				CLANG_WARN_INT_CONVERSION = YES;
				CLANG_WARN_NON_LITERAL_NULL_CONVERSION = YES;
				CLANG_WARN_OBJC_IMPLICIT_RETAIN_SELF = YES;
				CLANG_WARN_OBJC_LITERAL_CONVERSION = YES;
				CLANG_WARN_OBJC_ROOT_CLASS = YES_ERROR;
				CLANG_WARN_QUOTED_INCLUDE_IN_FRAMEWORK_HEADER = YES;
				CLANG_WARN_RANGE_LOOP_ANALYSIS = YES;
				CLANG_WARN_STRICT_PROTOTYPES = YES;
				CLANG_WARN_SUSPICIOUS_MOVE = YES;
				CLANG_WARN_UNGUARDED_AVAILABILITY = YES_AGGRESSIVE;
				CLANG_WARN_UNREACHABLE_CODE = YES;
				CLANG_WARN__DUPLICATE_METHOD_MATCH = YES;
				COPY_PHASE_STRIP = NO;
				DEBUG_INFORMATION_FORMAT = dwarf;
				ENABLE_STRICT_OBJC_MSGSEND = YES;
				ENABLE_TESTABILITY = YES;
				GCC_C_LANGUAGE_STANDARD = gnu11;
				GCC_DYNAMIC_NO_PIC = NO;
				GCC_NO_COMMON_BLOCKS = YES;
				GCC_OPTIMIZATION_LEVEL = 0;
				GCC_PREPROCESSOR_DEFINITIONS = (
					"DEBUG=1",
					"$(inherited)",
				);
				GCC_WARN_64_TO_32_BIT_CONVERSION = YES;
				GCC_WARN_ABOUT_RETURN_TYPE = YES_ERROR;
				GCC_WARN_UNDECLARED_SELECTOR = YES;
				GCC_WARN_UNINITIALIZED_AUTOS = YES_AGGRESSIVE;
				GCC_WARN_UNUSED_FUNCTION = YES;
				GCC_WARN_UNUSED_VARIABLE = YES;
				IPHONEOS_DEPLOYMENT_TARGET = 14.5;
				MTL_ENABLE_DEBUG_INFO = INCLUDE_SOURCE;
				MTL_FAST_MATH = YES;
				ONLY_ACTIVE_ARCH = YES;
				SDKROOT = iphoneos;
				SWIFT_ACTIVE_COMPILATION_CONDITIONS = DEBUG;
				SWIFT_OPTIMIZATION_LEVEL = "-Onone";
			};
			name = Debug;
		};
		371F5DA426BB6D140072D5A4 /* Release */ = {
			isa = XCBuildConfiguration;
			buildSettings = {
				ALWAYS_SEARCH_USER_PATHS = NO;
				CLANG_ANALYZER_NONNULL = YES;
				CLANG_ANALYZER_NUMBER_OBJECT_CONVERSION = YES_AGGRESSIVE;
				CLANG_CXX_LANGUAGE_STANDARD = "gnu++14";
				CLANG_CXX_LIBRARY = "libc++";
				CLANG_ENABLE_MODULES = YES;
				CLANG_ENABLE_OBJC_ARC = YES;
				CLANG_ENABLE_OBJC_WEAK = YES;
				CLANG_WARN_BLOCK_CAPTURE_AUTORELEASING = YES;
				CLANG_WARN_BOOL_CONVERSION = YES;
				CLANG_WARN_COMMA = YES;
				CLANG_WARN_CONSTANT_CONVERSION = YES;
				CLANG_WARN_DEPRECATED_OBJC_IMPLEMENTATIONS = YES;
				CLANG_WARN_DIRECT_OBJC_ISA_USAGE = YES_ERROR;
				CLANG_WARN_DOCUMENTATION_COMMENTS = YES;
				CLANG_WARN_EMPTY_BODY = YES;
				CLANG_WARN_ENUM_CONVERSION = YES;
				CLANG_WARN_INFINITE_RECURSION = YES;
				CLANG_WARN_INT_CONVERSION = YES;
				CLANG_WARN_NON_LITERAL_NULL_CONVERSION = YES;
				CLANG_WARN_OBJC_IMPLICIT_RETAIN_SELF = YES;
				CLANG_WARN_OBJC_LITERAL_CONVERSION = YES;
				CLANG_WARN_OBJC_ROOT_CLASS = YES_ERROR;
				CLANG_WARN_QUOTED_INCLUDE_IN_FRAMEWORK_HEADER = YES;
				CLANG_WARN_RANGE_LOOP_ANALYSIS = YES;
				CLANG_WARN_STRICT_PROTOTYPES = YES;
				CLANG_WARN_SUSPICIOUS_MOVE = YES;
				CLANG_WARN_UNGUARDED_AVAILABILITY = YES_AGGRESSIVE;
				CLANG_WARN_UNREACHABLE_CODE = YES;
				CLANG_WARN__DUPLICATE_METHOD_MATCH = YES;
				COPY_PHASE_STRIP = NO;
				DEBUG_INFORMATION_FORMAT = "dwarf-with-dsym";
				ENABLE_NS_ASSERTIONS = NO;
				ENABLE_STRICT_OBJC_MSGSEND = YES;
				GCC_C_LANGUAGE_STANDARD = gnu11;
				GCC_NO_COMMON_BLOCKS = YES;
				GCC_WARN_64_TO_32_BIT_CONVERSION = YES;
				GCC_WARN_ABOUT_RETURN_TYPE = YES_ERROR;
				GCC_WARN_UNDECLARED_SELECTOR = YES;
				GCC_WARN_UNINITIALIZED_AUTOS = YES_AGGRESSIVE;
				GCC_WARN_UNUSED_FUNCTION = YES;
				GCC_WARN_UNUSED_VARIABLE = YES;
				IPHONEOS_DEPLOYMENT_TARGET = 14.5;
				MTL_ENABLE_DEBUG_INFO = NO;
				MTL_FAST_MATH = YES;
				SDKROOT = iphoneos;
				SWIFT_COMPILATION_MODE = wholemodule;
				SWIFT_OPTIMIZATION_LEVEL = "-O";
				VALIDATE_PRODUCT = YES;
			};
			name = Release;
		};
		371F5DA626BB6D140072D5A4 /* Debug */ = {
			isa = XCBuildConfiguration;
			buildSettings = {
				ASSETCATALOG_COMPILER_APPICON_NAME = AppIcon;
				ASSETCATALOG_COMPILER_GLOBAL_ACCENT_COLOR_NAME = AccentColor;
				CODE_SIGN_STYLE = Automatic;
				DEVELOPMENT_TEAM = M82FLD6C75;
				INFOPLIST_FILE = Xylophone/Info.plist;
				LD_RUNPATH_SEARCH_PATHS = (
					"$(inherited)",
					"@executable_path/Frameworks",
				);
				PRODUCT_BUNDLE_IDENTIFIER = net.shotaroooe.Xylophone;
				PRODUCT_NAME = "$(TARGET_NAME)";
				SWIFT_VERSION = 5.0;
				TARGETED_DEVICE_FAMILY = "1,2";
			};
			name = Debug;
		};
		371F5DA726BB6D140072D5A4 /* Release */ = {
			isa = XCBuildConfiguration;
			buildSettings = {
				ASSETCATALOG_COMPILER_APPICON_NAME = AppIcon;
				ASSETCATALOG_COMPILER_GLOBAL_ACCENT_COLOR_NAME = AccentColor;
				CODE_SIGN_STYLE = Automatic;
				DEVELOPMENT_TEAM = M82FLD6C75;
				INFOPLIST_FILE = Xylophone/Info.plist;
				LD_RUNPATH_SEARCH_PATHS = (
					"$(inherited)",
					"@executable_path/Frameworks",
				);
				PRODUCT_BUNDLE_IDENTIFIER = net.shotaroooe.Xylophone;
				PRODUCT_NAME = "$(TARGET_NAME)";
				SWIFT_VERSION = 5.0;
				TARGETED_DEVICE_FAMILY = "1,2";
			};
			name = Release;
		};
		371F5DA926BB6D140072D5A4 /* Debug */ = {
			isa = XCBuildConfiguration;
			buildSettings = {
				ALWAYS_EMBED_SWIFT_STANDARD_LIBRARIES = YES;
				BUNDLE_LOADER = "$(TEST_HOST)";
				CODE_SIGN_STYLE = Automatic;
				DEVELOPMENT_TEAM = M82FLD6C75;
				INFOPLIST_FILE = XylophoneTests/Info.plist;
				IPHONEOS_DEPLOYMENT_TARGET = 14.5;
				LD_RUNPATH_SEARCH_PATHS = (
					"$(inherited)",
					"@executable_path/Frameworks",
					"@loader_path/Frameworks",
				);
				PRODUCT_BUNDLE_IDENTIFIER = net.shotaroooe.XylophoneTests;
				PRODUCT_NAME = "$(TARGET_NAME)";
				SWIFT_VERSION = 5.0;
				TARGETED_DEVICE_FAMILY = "1,2";
				TEST_HOST = "$(BUILT_PRODUCTS_DIR)/Xylophone.app/Xylophone";
			};
			name = Debug;
		};
		371F5DAA26BB6D140072D5A4 /* Release */ = {
			isa = XCBuildConfiguration;
			buildSettings = {
				ALWAYS_EMBED_SWIFT_STANDARD_LIBRARIES = YES;
				BUNDLE_LOADER = "$(TEST_HOST)";
				CODE_SIGN_STYLE = Automatic;
				DEVELOPMENT_TEAM = M82FLD6C75;
				INFOPLIST_FILE = XylophoneTests/Info.plist;
				IPHONEOS_DEPLOYMENT_TARGET = 14.5;
				LD_RUNPATH_SEARCH_PATHS = (
					"$(inherited)",
					"@executable_path/Frameworks",
					"@loader_path/Frameworks",
				);
				PRODUCT_BUNDLE_IDENTIFIER = net.shotaroooe.XylophoneTests;
				PRODUCT_NAME = "$(TARGET_NAME)";
				SWIFT_VERSION = 5.0;
				TARGETED_DEVICE_FAMILY = "1,2";
				TEST_HOST = "$(BUILT_PRODUCTS_DIR)/Xylophone.app/Xylophone";
			};
			name = Release;
		};
		371F5DAC26BB6D140072D5A4 /* Debug */ = {
			isa = XCBuildConfiguration;
			buildSettings = {
				ALWAYS_EMBED_SWIFT_STANDARD_LIBRARIES = YES;
				CODE_SIGN_STYLE = Automatic;
				DEVELOPMENT_TEAM = M82FLD6C75;
				INFOPLIST_FILE = XylophoneUITests/Info.plist;
				LD_RUNPATH_SEARCH_PATHS = (
					"$(inherited)",
					"@executable_path/Frameworks",
					"@loader_path/Frameworks",
				);
				PRODUCT_BUNDLE_IDENTIFIER = net.shotaroooe.XylophoneUITests;
				PRODUCT_NAME = "$(TARGET_NAME)";
				SWIFT_VERSION = 5.0;
				TARGETED_DEVICE_FAMILY = "1,2";
				TEST_TARGET_NAME = Xylophone;
			};
			name = Debug;
		};
		371F5DAD26BB6D140072D5A4 /* Release */ = {
			isa = XCBuildConfiguration;
			buildSettings = {
				ALWAYS_EMBED_SWIFT_STANDARD_LIBRARIES = YES;
				CODE_SIGN_STYLE = Automatic;
				DEVELOPMENT_TEAM = M82FLD6C75;
				INFOPLIST_FILE = XylophoneUITests/Info.plist;
				LD_RUNPATH_SEARCH_PATHS = (
					"$(inherited)",
					"@executable_path/Frameworks",
					"@loader_path/Frameworks",
				);
				PRODUCT_BUNDLE_IDENTIFIER = net.shotaroooe.XylophoneUITests;
				PRODUCT_NAME = "$(TARGET_NAME)";
				SWIFT_VERSION = 5.0;
				TARGETED_DEVICE_FAMILY = "1,2";
				TEST_TARGET_NAME = Xylophone;
			};
			name = Release;
		};
/* End XCBuildConfiguration section */

/* Begin XCConfigurationList section */
		371F5D7626BB6D120072D5A4 /* Build configuration list for PBXProject "Xylophone" */ = {
			isa = XCConfigurationList;
			buildConfigurations = (
				371F5DA326BB6D140072D5A4 /* Debug */,
				371F5DA426BB6D140072D5A4 /* Release */,
			);
			defaultConfigurationIsVisible = 0;
			defaultConfigurationName = Release;
		};
		371F5DA526BB6D140072D5A4 /* Build configuration list for PBXNativeTarget "Xylophone" */ = {
			isa = XCConfigurationList;
			buildConfigurations = (
				371F5DA626BB6D140072D5A4 /* Debug */,
				371F5DA726BB6D140072D5A4 /* Release */,
			);
			defaultConfigurationIsVisible = 0;
			defaultConfigurationName = Release;
		};
		371F5DA826BB6D140072D5A4 /* Build configuration list for PBXNativeTarget "XylophoneTests" */ = {
			isa = XCConfigurationList;
			buildConfigurations = (
				371F5DA926BB6D140072D5A4 /* Debug */,
				371F5DAA26BB6D140072D5A4 /* Release */,
			);
			defaultConfigurationIsVisible = 0;
			defaultConfigurationName = Release;
		};
		371F5DAB26BB6D140072D5A4 /* Build configuration list for PBXNativeTarget "XylophoneUITests" */ = {
			isa = XCConfigurationList;
			buildConfigurations = (
				371F5DAC26BB6D140072D5A4 /* Debug */,
				371F5DAD26BB6D140072D5A4 /* Release */,
			);
			defaultConfigurationIsVisible = 0;
			defaultConfigurationName = Release;
		};
/* End XCConfigurationList section */
	};
	rootObject = 371F5D7326BB6D120072D5A4 /* Project object */;
}
